# This file is automatically @generated by Poetry 2.2.1 and should not be changed by hand.

[[package]]
name = "pypdf"
version = "6.16.1"
description = "A pure-python PDF library capable of splitting, merging, cropping, and transforming PDF files"
optional = false
python-versions = ">=3.9"
groups = ["main"]
files = [
    {file = "pypdf-6.16.1-py3-none-any.whl", hash = "sha256:63fec31c4092ae50b6729beedcb469055b60d20c834bde1c402df241f371f644"},
    {file = "pypdf-6.16.1.tar.gz", hash = "sha256:c4d1b43ddae921387321cf63936cd16a7743b91d2da92f165c149a195c972ba9"},
]

[package.extras]
crypto = ["cryptography (>3.0)"]
cryptodome = ["PyCryptodome"]
dev = ["flit", "pip-tools", "pre-commit", "pytest-cov", "pytest-socket", "pytest-timeout", "pytest-xdist", "wheel"]
docs = ["myst_parser", "sphinx", "sphinx_rtd_theme"]
fonts = ["fonttools"]
full = ["Pillow (>=8.0.0)", "arabic-reshaper", "cryptography (>3.0)", "fonttools", "python-bidi"]
image = ["Pillow (>=8.0.0)"]
rtl-text = ["arabic-reshaper", "python-bidi"]

[metadata]
lock-version = "2.1"
python-versions = ">=3.11"
content-hash = "c4ae78053a52f628f869497b89103e9ec6e287a4d102f6f902d0b4027fea0aa1"
